# This file was autogenerated by Stack.
# You should not edit this file by hand.
# For more information, please see the documentation at:
#   https://docs.haskellstack.org/en/stable/lock_files

packages:
- completed:
    hackage: Cabal-3.0.2.0@sha256:f45ee078a8529d1ad3993767345ac83304c7f2ff5eec02c455a1dc200ad22c67,26714
    pantry-tree:
      size: 40207
      sha256: 653461a4e58b10a6ef9d6ed5e07b1f8839ed46b4673133ecbe3899a48d6b983b
  original:
    hackage: Cabal-3.0.2.0
- completed:
    hackage: compact-0.2.0.0@sha256:9c5785bdc178ea6cf8f514ad35a78c64220e3cdb22216534e4cf496765551c7e,2345
    pantry-tree:
      size: 546
      sha256: 6f7da573fbcddc109e1521edc07f1b34d7506473a3930074453e829daf901d71
  original:
    hackage: compact-0.2.0.0
- completed:
    hackage: polysemy-zoo-0.7.0.1@sha256:60c2921df95f61d43222a75adde4f330e9510320b416132838a354cd81b4bcc5,3846
    pantry-tree:
      size: 2979
      sha256: af39e295a7831e6bca01fa78df6c538cb6f1dfb339d118056fd0d9c314925726
  original:
    hackage: polysemy-zoo-0.7.0.1
- completed:
    hackage: polysemy-1.4.0.0@sha256:0245a046eaf936557d4208b5a355df1a20799c9e274f91fa889ab2644ecbabae,6541
    pantry-tree:
      size: 4379
      sha256: babfd86f145bc6017f7b8c20e46266ab3a3bb5d5d415d8cf651036b11e57465a
  original:
    hackage: polysemy-1.4.0.0
snapshots:
- completed:
    size: 547770
    url: https://raw.githubusercontent.com/commercialhaskell/stackage-snapshots/master/nightly/2020/11/10.yaml
    sha256: 8369690e5a836ed84ae357bb3b53cae08f7cf364031c62cd1686e13c8c91b6a2
  original: nightly-2020-11-10
